// !$*UTF8*$!
{
	archiveVersion = 1;
	classes = {
	};
	objectVersion = 46;
	objects = {

/* Begin PBXBuildFile section */
		8811CF601C55440400E5C911 /* main.m in Sources */ = {isa = PBXBuildFile; fileRef = 8811CF5F1C55440400E5C911 /* main.m */; };
		8811CF631C55440400E5C911 /* AppDelegate.m in Sources */ = {isa = PBXBuildFile; fileRef = 8811CF621C55440400E5C911 /* AppDelegate.m */; };
		8811CF661C55440400E5C911 /* ViewController.m in Sources */ = {isa = PBXBuildFile; fileRef = 8811CF651C55440400E5C911 /* ViewController.m */; };
		8811CF691C55440400E5C911 /* Main.storyboard in Resources */ = {isa = PBXBuildFile; fileRef = 8811CF671C55440400E5C911 /* Main.storyboard */; };
		8811CF6B1C55440400E5C911 /* Assets.xcassets in Resources */ = {isa = PBXBuildFile; fileRef = 8811CF6A1C55440400E5C911 /* Assets.xcassets */; };
		8811CF6E1C55440400E5C911 /* LaunchScreen.storyboard in Resources */ = {isa = PBXBuildFile; fileRef = 8811CF6C1C55440400E5C911 /* LaunchScreen.storyboard */; };
		8871CF541C55E4BE00376ECD /* CSQRSCodeScanView.m in Sources */ = {isa = PBXBuildFile; fileRef = 8871CF531C55E4BE00376ECD /* CSQRSCodeScanView.m */; };
/* End PBXBuildFile section */

/* Begin PBXFileReference section */
		8811CF5B1C55440400E5C911 /* QRCodeScan.app */ = {isa = PBXFileReference; explicitFileType = wrapper.application; includeInIndex = 0; path = QRCodeScan.app; sourceTree = BUILT_PRODUCTS_DIR; };
		8811CF5F1C55440400E5C911 /* main.m */ = {isa = PBXFileReference; lastKnownFileType = sourcecode.c.objc; path = main.m; sourceTree = "<group>"; };
		8811CF611C55440400E5C911 /* AppDelegate.h */ = {isa = PBXFileReference; lastKnownFileType = sourcecode.c.h; path = AppDelegate.h; sourceTree = "<group>"; };
		8811CF621C55440400E5C911 /* AppDelegate.m */ = {isa = PBXFileReference; lastKnownFileType = sourcecode.c.objc; path = AppDelegate.m; sourceTree = "<group>"; };
		8811CF641C55440400E5C911 /* ViewController.h */ = {isa = PBXFileReference; lastKnownFileType = sourcecode.c.h; path = ViewController.h; sourceTree = "<group>"; };
		8811CF651C55440400E5C911 /* ViewController.m */ = {isa = PBXFileReference; lastKnownFileType = sourcecode.c.objc; path = ViewController.m; sourceTree = "<group>"; };
		8811CF681C55440400E5C911 /* Base */ = {isa = PBXFileReference; lastKnownFileType = file.storyboard; name = Base; path = Base.lproj/Main.storyboard; sourceTree = "<group>"; };
		8811CF6A1C55440400E5C911 /* Assets.xcassets */ = {isa = PBXFileReference; lastKnownFileType = folder.assetcatalog; path = Assets.xcassets; sourceTree = "<group>"; };
		8811CF6D1C55440400E5C911 /* Base */ = {isa = PBXFileReference; lastKnownFileType = file.storyboard; name = Base; path = Base.lproj/LaunchScreen.storyboard; sourceTree = "<group>"; };
		8811CF6F1C55440400E5C911 /* Info.plist */ = {isa = PBXFileReference; lastKnownFileType = text.plist.xml; path = Info.plist; sourceTree = "<group>"; };
		8871CF521C55E4BE00376ECD /* CSQRSCodeScanView.h */ = {isa = PBXFileReference; fileEncoding = 4; lastKnownFileType = sourcecode.c.h; path = CSQRSCodeScanView.h; sourceTree = "<group>"; };
		8871CF531C55E4BE00376ECD /* CSQRSCodeScanView.m */ = {isa = PBXFileReference; fileEncoding = 4; lastKnownFileType = sourcecode.c.objc; path = CSQRSCodeScanView.m; sourceTree = "<group>"; };
/* End PBXFileReference section */

/* Begin PBXFrameworksBuildPhase section */
		8811CF581C55440400E5C911 /* Frameworks */ = {
			isa = PBXFrameworksBuildPhase;
			buildActionMask = 2147483647;
			files = (
			);
			runOnlyForDeploymentPostprocessing = 0;
		};
/* End PBXFrameworksBuildPhase section */

/* Begin PBXGroup section */
		8811CF521C55440400E5C911 = {
			isa = PBXGroup;
			children = (
				8811CF5D1C55440400E5C911 /* QRCodeScan */,
				8811CF5C1C55440400E5C911 /* Products */,
			);
			sourceTree = "<group>";
		};
		8811CF5C1C55440400E5C911 /* Products */ = {
			isa = PBXGroup;
			children = (
				8811CF5B1C55440400E5C911 /* QRCodeScan.app */,
			);
			name = Products;
			sourceTree = "<group>";
		};
		8811CF5D1C55440400E5C911 /* QRCodeScan */ = {
			isa = PBXGroup;
			children = (
				8811CF611C55440400E5C911 /* AppDelegate.h */,
				8811CF621C55440400E5C911 /* AppDelegate.m */,
				8811CF641C55440400E5C911 /* ViewController.h */,
				8811CF651C55440400E5C911 /* ViewController.m */,
				8871CF551C55E4D700376ECD /* CSQRSCodeScan */,
				8811CF671C55440400E5C911 /* Main.storyboard */,
				8811CF6A1C55440400E5C911 /* Assets.xcassets */,
				8811CF6C1C55440400E5C911 /* LaunchScreen.storyboard */,
				8811CF6F1C55440400E5C911 /* Info.plist */,
				8811CF5E1C55440400E5C911 /* Supporting Files */,
			);
			path = QRCodeScan;
			sourceTree = "<group>";
		};
		8811CF5E1C55440400E5C911 /* Supporting Files */ = {
			isa = PBXGroup;
			children = (
				8811CF5F1C55440400E5C911 /* main.m */,
			);
			name = "Supporting Files";
			sourceTree = "<group>";
		};
		8871CF551C55E4D700376ECD /* CSQRSCodeScan */ = {
			isa = PBXGroup;
			children = (
				8871CF521C55E4BE00376ECD /* CSQRSCodeScanView.h */,
				8871CF531C55E4BE00376ECD /* CSQRSCodeScanView.m */,
			);
			name = CSQRSCodeScan;
			sourceTree = "<group>";
		};
/* End PBXGroup section */

/* Begin PBXNativeTarget section */
		8811CF5A1C55440400E5C911 /* QRCodeScan */ = {
			isa = PBXNativeTarget;
			buildConfigurationList = 8811CF721C55440400E5C911 /* Build configuration list for PBXNativeTarget "QRCodeScan" */;
			buildPhases = (
				8811CF571C55440400E5C911 /* Sources */,
				8811CF581C55440400E5C911 /* Frameworks */,
				8811CF591C55440400E5C911 /* Resources */,
			);
			buildRules = (
			);
			dependencies = (
			);
			name = QRCodeScan;
			productName = QRCodeScan;
			productReference = 8811CF5B1C55440400E5C911 /* QRCodeScan.app */;
			productType = "com.apple.product-type.application";
		};
/* End PBXNativeTarget section */

/* Begin PBXProject section */
		8811CF531C55440400E5C911 /* Project object */ = {
			isa = PBXProject;
			attributes = {
				LastUpgradeCheck = 0720;
				ORGANIZATIONNAME = ysc;
				TargetAttributes = {
					8811CF5A1C55440400E5C911 = {
						CreatedOnToolsVersion = 7.2;
						DevelopmentTeam = 32X29U83S8;
					};
				};
			};
			buildConfigurationList = 8811CF561C55440400E5C911 /* Build configuration list for PBXProject "QRCodeScan" */;
			compatibilityVersion = "Xcode 3.2";
			developmentRegion = English;
			hasScannedForEncodings = 0;
			knownRegions = (
				en,
				Base,
			);
			mainGroup = 8811CF521C55440400E5C911;
			productRefGroup = 8811CF5C1C55440400E5C911 /* Products */;
			projectDirPath = "";
			projectRoot = "";
			targets = (
				8811CF5A1C55440400E5C911 /* QRCodeScan */,
			);
		};
/* End PBXProject section */

/* Begin PBXResourcesBuildPhase section */
		8811CF591C55440400E5C911 /* Resources */ = {
			isa = PBXResourcesBuildPhase;
			buildActionMask = 2147483647;
			files = (
				8811CF6E1C55440400E5C911 /* LaunchScreen.storyboard in Resources */,
				8811CF6B1C55440400E5C911 /* Assets.xcassets in Resources */,
				8811CF691C55440400E5C911 /* Main.storyboard in Resources */,
			);
			runOnlyForDeploymentPostprocessing = 0;
		};
/* End PBXResourcesBuildPhase section */

/* Begin PBXSourcesBuildPhase section */
		8811CF571C55440400E5C911 /* Sources */ = {
			isa = PBXSourcesBuildPhase;
			buildActionMask = 2147483647;
			files = (
				8811CF661C55440400E5C911 /* ViewController.m in Sources */,
				8871CF541C55E4BE00376ECD /* CSQRSCodeScanView.m in Sources */,
				8811CF631C55440400E5C911 /* AppDelegate.m in Sources */,
				8811CF601C55440400E5C911 /* main.m in Sources */,
			);
			runOnlyForDeploymentPostprocessing = 0;
		};
/* End PBXSourcesBuildPhase section */

/* Begin PBXVariantGroup section */
		8811CF671C55440400E5C911 /* Main.storyboard */ = {
			isa = PBXVariantGroup;
			children = (
				8811CF681C55440400E5C911 /* Base */,
			);
			name = Main.storyboard;
			sourceTree = "<group>";
		};
		8811CF6C1C55440400E5C911 /* LaunchScreen.storyboard */ = {
			isa = PBXVariantGroup;
			children = (
				8811CF6D1C55440400E5C911 /* Base */,
			);
			name = LaunchScreen.storyboard;
			sourceTree = "<group>";
		};
/* End PBXVariantGroup section */

/* Begin XCBuildConfiguration section */
		8811CF701C55440400E5C911 /* Debug */ = {
			isa = XCBuildConfiguration;
			buildSettings = {
				ALWAYS_SEARCH_USER_PATHS = NO;
				CLANG_CXX_LANGUAGE_STANDARD = "gnu++0x";
				CLANG_CXX_LIBRARY = "libc++";
				CLANG_ENABLE_MODULES = YES;
				CLANG_ENABLE_OBJC_ARC = YES;
				CLANG_WARN_BOOL_CONVERSION = YES;
				CLANG_WARN_CONSTANT_CONVERSION = YES;
				CLANG_WARN_DIRECT_OBJC_ISA_USAGE = YES_ERROR;
				CLANG_WARN_EMPTY_BODY = YES;
				CLANG_WARN_ENUM_CONVERSION = YES;
				CLANG_WARN_INT_CONVERSION = YES;
				CLANG_WARN_OBJC_ROOT_CLASS = YES_ERROR;
				CLANG_WARN_UNREACHABLE_CODE = YES;
				CLANG_WARN__DUPLICATE_METHOD_MATCH = YES;
				"CODE_SIGN_IDENTITY[sdk=iphoneos*]" = "iPhone Developer";
				COPY_PHASE_STRIP = NO;
				DEBUG_INFORMATION_FORMAT = dwarf;
				ENABLE_STRICT_OBJC_MSGSEND = YES;
				ENABLE_TESTABILITY = YES;
				GCC_C_LANGUAGE_STANDARD = gnu99;
				GCC_DYNAMIC_NO_PIC = NO;
				GCC_NO_COMMON_BLOCKS = YES;
				GCC_OPTIMIZATION_LEVEL = 0;
				GCC_PREPROCESSOR_DEFINITIONS = (
					"DEBUG=1",
					"$(inherited)",
				);
				GCC_WARN_64_TO_32_BIT_CONVERSION = YES;
				GCC_WARN_ABOUT_RETURN_TYPE = YES_ERROR;
				GCC_WARN_UNDECLARED_SELECTOR = YES;
				GCC_WARN_UNINITIALIZED_AUTOS = YES_AGGRESSIVE;
				GCC_WARN_UNUSED_FUNCTION = YES;
				GCC_WARN_UNUSED_VARIABLE = YES;
				IPHONEOS_DEPLOYMENT_TARGET = 9.2;
				MTL_ENABLE_DEBUG_INFO = YES;
				ONLY_ACTIVE_ARCH = YES;
				SDKROOT = iphoneos;
			};
			name = Debug;
		};
		8811CF711C55440400E5C911 /* Release */ = {
			isa = XCBuildConfiguration;
			buildSettings = {
				ALWAYS_SEARCH_USER_PATHS = NO;
				CLANG_CXX_LANGUAGE_STANDARD = "gnu++0x";
				CLANG_CXX_LIBRARY = "libc++";
				CLANG_ENABLE_MODULES = YES;
				CLANG_ENABLE_OBJC_ARC = YES;
				CLANG_WARN_BOOL_CONVERSION = YES;
				CLANG_WARN_CONSTANT_CONVERSION = YES;
				CLANG_WARN_DIRECT_OBJC_ISA_USAGE = YES_ERROR;
				CLANG_WARN_EMPTY_BODY = YES;
				CLANG_WARN_ENUM_CONVERSION = YES;
				CLANG_WARN_INT_CONVERSION = YES;
				CLANG_WARN_OBJC_ROOT_CLASS = YES_ERROR;
				CLANG_WARN_UNREACHABLE_CODE = YES;
				CLANG_WARN__DUPLICATE_METHOD_MATCH = YES;
				"CODE_SIGN_IDENTITY[sdk=iphoneos*]" = "iPhone Developer";
				COPY_PHASE_STRIP = NO;
				DEBUG_INFORMATION_FORMAT = "dwarf-with-dsym";
				ENABLE_NS_ASSERTIONS = NO;
				ENABLE_STRICT_OBJC_MSGSEND = YES;
				GCC_C_LANGUAGE_STANDARD = gnu99;
				GCC_NO_COMMON_BLOCKS = YES;
				GCC_WARN_64_TO_32_BIT_CONVERSION = YES;
				GCC_WARN_ABOUT_RETURN_TYPE = YES_ERROR;
				GCC_WARN_UNDECLARED_SELECTOR = YES;
				GCC_WARN_UNINITIALIZED_AUTOS = YES_AGGRESSIVE;
				GCC_WARN_UNUSED_FUNCTION = YES;
				GCC_WARN_UNUSED_VARIABLE = YES;
				IPHONEOS_DEPLOYMENT_TARGET = 9.2;
				MTL_ENABLE_DEBUG_INFO = NO;
				SDKROOT = iphoneos;
				VALIDATE_PRODUCT = YES;
			};
			name = Release;
		};
		8811CF731C55440400E5C911 /* Debug */ = {
			isa = XCBuildConfiguration;
			buildSettings = {
				ASSETCATALOG_COMPILER_APPICON_NAME = AppIcon;
				INFOPLIST_FILE = QRCodeScan/Info.plist;
				IPHONEOS_DEPLOYMENT_TARGET = 9.0;
				LD_RUNPATH_SEARCH_PATHS = "$(inherited) @executable_path/Frameworks";
				PRODUCT_BUNDLE_IDENTIFIER = ysc.QRCodeScan;
				PRODUCT_NAME = "$(TARGET_NAME)";
			};
			name = Debug;
		};
		8811CF741C55440400E5C911 /* Release */ = {
			isa = XCBuildConfiguration;
			buildSettings = {
				ASSETCATALOG_COMPILER_APPICON_NAME = AppIcon;
				INFOPLIST_FILE = QRCodeScan/Info.plist;
				IPHONEOS_DEPLOYMENT_TARGET = 9.0;
				LD_RUNPATH_SEARCH_PATHS = "$(inherited) @executable_path/Frameworks";
				PRODUCT_BUNDLE_IDENTIFIER = ysc.QRCodeScan;
				PRODUCT_NAME = "$(TARGET_NAME)";
			};
			name = Release;
		};
/* End XCBuildConfiguration section */

/* Begin XCConfigurationList section */
		8811CF561C55440400E5C911 /* Build configuration list for PBXProject "QRCodeScan" */ = {
			isa = XCConfigurationList;
			buildConfigurations = (
				8811CF701C55440400E5C911 /* Debug */,
				8811CF711C55440400E5C911 /* Release */,
			);
			defaultConfigurationIsVisible = 0;
			defaultConfigurationName = Release;
		};
		8811CF721C55440400E5C911 /* Build configuration list for PBXNativeTarget "QRCodeScan" */ = {
			isa = XCConfigurationList;
			buildConfigurations = (
				8811CF731C55440400E5C911 /* Debug */,
				8811CF741C55440400E5C911 /* Release */,
			);
			defaultConfigurationIsVisible = 0;
			defaultConfigurationName = Release;
		};
/* End XCConfigurationList section */
	};
	rootObject = 8811CF531C55440400E5C911 /* Project object */;
}
